// !$*UTF8*$!
{
	archiveVersion = 1;
	classes = {
	};
	objectVersion = 42;
	objects = {

/* Begin PBXBuildFile section */
		AF212AB42F3A98E700819E2F /* alloc.h in Headers */ = {isa = PBXBuildFile; fileRef = AF212A572F3A98E700819E2F /* alloc.h */; };
		AF212AB52F3A98E700819E2F /* base64.h in Headers */ = {isa = PBXBuildFile; fileRef = AF212A582F3A98E700819E2F /* base64.h */; };
		AF212AB62F3A98E700819E2F /* buf.h in Headers */ = {isa = PBXBuildFile; fileRef = AF212A592F3A98E700819E2F /* buf.h */; };
		AF212AB72F3A98E700819E2F /* byteswap.h in Headers */ = {isa = PBXBuildFile; fileRef = AF212A5A2F3A98E700819E2F /* byteswap.h */; };
		AF212AB92F3A98E700819E2F /* deserialize.h in Headers */ = {isa = PBXBuildFile; fileRef = AF212A5C2F3A98E700819E2F /* deserialize.h */; };
		AF212ABA2F3A98E700819E2F /* endian.h in Headers */ = {isa = PBXBuildFile; fileRef = AF212A5D2F3A98E700819E2F /* endian.h */; };
		AF212ABB2F3A98E700819E2F /* gunzip.h in Headers */ = {isa = PBXBuildFile; fileRef = AF212A5E2F3A98E700819E2F /* gunzip.h */; };
		AF212ABC2F3A98E700819E2F /* ld.h in Headers */ = {isa = PBXBuildFile; fileRef = AF212A5F2F3A98E700819E2F /* ld.h */; };
		AF212ABE2F3A98E700819E2F /* serialize.h in Headers */ = {isa = PBXBuildFile; fileRef = AF212A612F3A98E700819E2F /* serialize.h */; };
		AF212ABF2F3A98E700819E2F /* str.h in Headers */ = {isa = PBXBuildFile; fileRef = AF212A622F3A98E700819E2F /* str.h */; };
		AF212AC02F3A98E700819E2F /* strtok_foreach.h in Headers */ = {isa = PBXBuildFile; fileRef = AF212A632F3A98E700819E2F /* strtok_foreach.h */; };
		AF212AD62F3A99A700819E2F /* deserialize.c in Sources */ = {isa = PBXBuildFile; fileRef = AF212A5B2F3A98E700819E2F /* deserialize.c */; };
		AF212AD72F3A99A700819E2F /* serialize.c in Sources */ = {isa = PBXBuildFile; fileRef = AF212A602F3A98E700819E2F /* serialize.c */; };
		AF212AD82F3A99A700819E2F /* gunzip.c in Sources */ = {isa = PBXBuildFile; fileRef = AF212AB22F3A98E700819E2F /* gunzip.c */; };
		AF212AD92F3A99A700819E2F /* buf.c in Sources */ = {isa = PBXBuildFile; fileRef = AF212AB32F3A98E700819E2F /* buf.c */; };
		AF212B112F3A9A4B00819E2F /* generator.c in Sources */ = {isa = PBXBuildFile; fileRef = AF212B092F3A9A4B00819E2F /* generator.c */; };
		AF212B122F3A9A4B00819E2F /* strndup.c in Sources */ = {isa = PBXBuildFile; fileRef = AF212B0D2F3A9A4B00819E2F /* strndup.c */; };
		AF212B132F3A9A4B00819E2F /* tl_parser.c in Sources */ = {isa = PBXBuildFile; fileRef = AF212B0F2F3A9A4B00819E2F /* tl_parser.c */; };
		AF212B232F3A9B8C00819E2F /* mtproto_api.tl in CopyFiles */ = {isa = PBXBuildFile; fileRef = AF212B0B2F3A9A4B00819E2F /* mtproto_api.tl */; };
		AF212B242F3A9B8C00819E2F /* telegram_api.tl in CopyFiles */ = {isa = PBXBuildFile; fileRef = AF212B0E2F3A9A4B00819E2F /* telegram_api.tl */; };
/* End PBXBuildFile section */

/* Begin PBXContainerItemProxy section */
		AF212AC82F3A992700819E2F /* PBXContainerItemProxy */ = {
			isa = PBXContainerItemProxy;
			containerPortal = AF212A3D2F3A984B00819E2F /* Project object */;
			proxyType = 1;
			remoteGlobalIDString = AF212A512F3A98DB00819E2F /* libtg2 */;
			remoteInfo = libtg2;
		};
		AF212ADA2F3A99B000819E2F /* PBXContainerItemProxy */ = {
			isa = PBXContainerItemProxy;
			containerPortal = AF212A3D2F3A984B00819E2F /* Project object */;
			proxyType = 1;
			remoteGlobalIDString = AF212AD42F3A998600819E2F /* essential */;
			remoteInfo = essential;
		};
		AF212AE52F3A99EC00819E2F /* PBXContainerItemProxy */ = {
			isa = PBXContainerItemProxy;
			containerPortal = AF212A3D2F3A984B00819E2F /* Project object */;
			proxyType = 1;
			remoteGlobalIDString = AF212AD42F3A998600819E2F /* essential */;
			remoteInfo = essential;
		};
/* End PBXContainerItemProxy section */

/* Begin PBXCopyFilesBuildPhase section */
		AF212B212F3A9B6C00819E2F /* CopyFiles */ = {
			isa = PBXCopyFilesBuildPhase;
			buildActionMask = 2147483647;
			dstPath = "";
			dstSubfolderSpec = 6;
			files = (
				AF212B232F3A9B8C00819E2F /* mtproto_api.tl in CopyFiles */,
				AF212B242F3A9B8C00819E2F /* telegram_api.tl in CopyFiles */,
			);
			runOnlyForDeploymentPostprocessing = 0;
		};
/* End PBXCopyFilesBuildPhase section */

/* Begin PBXFileReference section */
		AF212A522F3A98DB00819E2F /* liblibtg2.a */ = {isa = PBXFileReference; explicitFileType = archive.ar; includeInIndex = 0; name = liblibtg2.a; path = build/Debug/liblibtg2.a; sourceTree = "<group>"; };
		AF212A572F3A98E700819E2F /* alloc.h */ = {isa = PBXFileReference; fileEncoding = 4; lastKnownFileType = sourcecode.c.h; name = alloc.h; path = essential/alloc.h; sourceTree = "<group>"; };
		AF212A582F3A98E700819E2F /* base64.h */ = {isa = PBXFileReference; fileEncoding = 4; lastKnownFileType = sourcecode.c.h; name = base64.h; path = essential/base64.h; sourceTree = "<group>"; };
		AF212A592F3A98E700819E2F /* buf.h */ = {isa = PBXFileReference; fileEncoding = 4; lastKnownFileType = sourcecode.c.h; name = buf.h; path = essential/buf.h; sourceTree = "<group>"; };
		AF212A5A2F3A98E700819E2F /* byteswap.h */ = {isa = PBXFileReference; fileEncoding = 4; lastKnownFileType = sourcecode.c.h; name = byteswap.h; path = essential/byteswap.h; sourceTree = "<group>"; };
		AF212A5B2F3A98E700819E2F /* deserialize.c */ = {isa = PBXFileReference; fileEncoding = 4; lastKnownFileType = sourcecode.c.c; name = deserialize.c; path = essential/deserialize.c; sourceTree = "<group>"; };
		AF212A5C2F3A98E700819E2F /* deserialize.h */ = {isa = PBXFileReference; fileEncoding = 4; lastKnownFileType = sourcecode.c.h; name = deserialize.h; path = essential/deserialize.h; sourceTree = "<group>"; };
		AF212A5D2F3A98E700819E2F /* endian.h */ = {isa = PBXFileReference; fileEncoding = 4; lastKnownFileType = sourcecode.c.h; name = endian.h; path = essential/endian.h; sourceTree = "<group>"; };
		AF212A5E2F3A98E700819E2F /* gunzip.h */ = {isa = PBXFileReference; fileEncoding = 4; lastKnownFileType = sourcecode.c.h; name = gunzip.h; path = essential/gunzip.h; sourceTree = "<group>"; };
		AF212A5F2F3A98E700819E2F /* ld.h */ = {isa = PBXFileReference; fileEncoding = 4; lastKnownFileType = sourcecode.c.h; name = ld.h; path = essential/ld.h; sourceTree = "<group>"; };
		AF212A602F3A98E700819E2F /* serialize.c */ = {isa = PBXFileReference; fileEncoding = 4; lastKnownFileType = sourcecode.c.c; name = serialize.c; path = essential/serialize.c; sourceTree = "<group>"; };
		AF212A612F3A98E700819E2F /* serialize.h */ = {isa = PBXFileReference; fileEncoding = 4; lastKnownFileType = sourcecode.c.h; name = serialize.h; path = essential/serialize.h; sourceTree = "<group>"; };
		AF212A622F3A98E700819E2F /* str.h */ = {isa = PBXFileReference; fileEncoding = 4; lastKnownFileType = sourcecode.c.h; name = str.h; path = essential/str.h; sourceTree = "<group>"; };
		AF212A632F3A98E700819E2F /* strtok_foreach.h */ = {isa = PBXFileReference; fileEncoding = 4; lastKnownFileType = sourcecode.c.h; name = strtok_foreach.h; path = essential/strtok_foreach.h; sourceTree = "<group>"; };
		AF212A642F3A98E700819E2F /* openssl */ = {isa = PBXFileReference; lastKnownFileType = folder; name = openssl; path = essential/openssl; sourceTree = "<group>"; };
		AF212AB22F3A98E700819E2F /* gunzip.c */ = {isa = PBXFileReference; fileEncoding = 4; lastKnownFileType = sourcecode.c.c; name = gunzip.c; path = essential/gunzip.c; sourceTree = "<group>"; };
		AF212AB32F3A98E700819E2F /* buf.c */ = {isa = PBXFileReference; fileEncoding = 4; lastKnownFileType = sourcecode.c.c; name = buf.c; path = essential/buf.c; sourceTree = "<group>"; };
		AF212AC62F3A991D00819E2F /* libtg2_test */ = {isa = PBXFileReference; includeInIndex = 0; lastKnownFileType = "compiled.mach-o.executable"; name = libtg2_test; path = build/Debug/libtg2_test; sourceTree = "<group>"; };
		AF212AD52F3A998600819E2F /* libessential.a */ = {isa = PBXFileReference; explicitFileType = archive.ar; includeInIndex = 0; name = libessential.a; path = build/Debug/libessential.a; sourceTree = "<group>"; };
		AF212AE32F3A99E500819E2F /* tl_generator */ = {isa = PBXFileReference; explicitFileType = "compiled.mach-o.executable"; includeInIndex = 0; name = tl_generator; path = build/Debug/tl_generator; sourceTree = "<group>"; };
		AF212B072F3A9A4B00819E2F /* array.h */ = {isa = PBXFileReference; fileEncoding = 4; lastKnownFileType = sourcecode.c.h; path = array.h; sourceTree = "<group>"; };
		AF212B092F3A9A4B00819E2F /* generator.c */ = {isa = PBXFileReference; fileEncoding = 4; lastKnownFileType = sourcecode.c.c; path = generator.c; sourceTree = "<group>"; };
		AF212B0B2F3A9A4B00819E2F /* mtproto_api.tl */ = {isa = PBXFileReference; fileEncoding = 4; lastKnownFileType = text; name = mtproto_api.tl; path = tl_generator/mtproto_api.tl; sourceTree = "<group>"; };
		AF212B0C2F3A9A4B00819E2F /* str.h */ = {isa = PBXFileReference; fileEncoding = 4; lastKnownFileType = sourcecode.c.h; path = str.h; sourceTree = "<group>"; };
		AF212B0D2F3A9A4B00819E2F /* strndup.c */ = {isa = PBXFileReference; fileEncoding = 4; lastKnownFileType = sourcecode.c.c; path = strndup.c; sourceTree = "<group>"; };
		AF212B0E2F3A9A4B00819E2F /* telegram_api.tl */ = {isa = PBXFileReference; fileEncoding = 4; lastKnownFileType = text; name = telegram_api.tl; path = tl_generator/telegram_api.tl; sourceTree = "<group>"; };
		AF212B0F2F3A9A4B00819E2F /* tl_parser.c */ = {isa = PBXFileReference; fileEncoding = 4; lastKnownFileType = sourcecode.c.c; path = tl_parser.c; sourceTree = "<group>"; };
		AF212B102F3A9A4B00819E2F /* tl_parser.h */ = {isa = PBXFileReference; fileEncoding = 4; lastKnownFileType = sourcecode.c.h; path = tl_parser.h; sourceTree = "<group>"; };
/* End PBXFileReference section */

/* Begin PBXFrameworksBuildPhase section */
		AF212A502F3A98DB00819E2F /* Frameworks */ = {
			isa = PBXFrameworksBuildPhase;
			buildActionMask = 2147483647;
			files = (
			);
			runOnlyForDeploymentPostprocessing = 0;
		};
		AF212AC42F3A991D00819E2F /* Frameworks */ = {
			isa = PBXFrameworksBuildPhase;
			buildActionMask = 2147483647;
			files = (
			);
			runOnlyForDeploymentPostprocessing = 0;
		};
		AF212AD32F3A998600819E2F /* Frameworks */ = {
			isa = PBXFrameworksBuildPhase;
			buildActionMask = 2147483647;
			files = (
			);
			runOnlyForDeploymentPostprocessing = 0;
		};
		AF212AE12F3A99E500819E2F /* Frameworks */ = {
			isa = PBXFrameworksBuildPhase;
			buildActionMask = 2147483647;
			files = (
			);
			runOnlyForDeploymentPostprocessing = 0;
		};
/* End PBXFrameworksBuildPhase section */

/* Begin PBXGroup section */
		AF212A3B2F3A984B00819E2F = {
			isa = PBXGroup;
			children = (
				AF212B182F3A9A9F00819E2F /* API */,
				AF212A4B2F3A988600819E2F /* Sources */,
				AF212A532F3A98DB00819E2F /* Products */,
			);
			sourceTree = "<group>";
		};
		AF212A4B2F3A988600819E2F /* Sources */ = {
			isa = PBXGroup;
			children = (
				AF212A4C2F3A989400819E2F /* essential */,
				AF212B052F3A9A4A00819E2F /* tl_generator */,
			);
			name = Sources;
			sourceTree = "<group>";
		};
		AF212A4C2F3A989400819E2F /* essential */ = {
			isa = PBXGroup;
			children = (
				AF212A572F3A98E700819E2F /* alloc.h */,
				AF212A582F3A98E700819E2F /* base64.h */,
				AF212A592F3A98E700819E2F /* buf.h */,
				AF212A5A2F3A98E700819E2F /* byteswap.h */,
				AF212A5B2F3A98E700819E2F /* deserialize.c */,
				AF212A5C2F3A98E700819E2F /* deserialize.h */,
				AF212A5D2F3A98E700819E2F /* endian.h */,
				AF212A5E2F3A98E700819E2F /* gunzip.h */,
				AF212A5F2F3A98E700819E2F /* ld.h */,
				AF212A602F3A98E700819E2F /* serialize.c */,
				AF212A612F3A98E700819E2F /* serialize.h */,
				AF212A622F3A98E700819E2F /* str.h */,
				AF212A632F3A98E700819E2F /* strtok_foreach.h */,
				AF212A642F3A98E700819E2F /* openssl */,
				AF212AB22F3A98E700819E2F /* gunzip.c */,
				AF212AB32F3A98E700819E2F /* buf.c */,
			);
			name = essential;
			sourceTree = "<group>";
		};
		AF212A532F3A98DB00819E2F /* Products */ = {
			isa = PBXGroup;
			children = (
				AF212A522F3A98DB00819E2F /* liblibtg2.a */,
				AF212AC62F3A991D00819E2F /* libtg2_test */,
				AF212AD52F3A998600819E2F /* libessential.a */,
				AF212AE32F3A99E500819E2F /* tl_generator */,
			);
			name = Products;
			sourceTree = "<group>";
		};
		AF212B052F3A9A4A00819E2F /* tl_generator */ = {
			isa = PBXGroup;
			children = (
				AF212B072F3A9A4B00819E2F /* array.h */,
				AF212B092F3A9A4B00819E2F /* generator.c */,
				AF212B0C2F3A9A4B00819E2F /* str.h */,
				AF212B0D2F3A9A4B00819E2F /* strndup.c */,
				AF212B0F2F3A9A4B00819E2F /* tl_parser.c */,
				AF212B102F3A9A4B00819E2F /* tl_parser.h */,
			);
			path = tl_generator;
			sourceTree = "<group>";
		};
		AF212B182F3A9A9F00819E2F /* API */ = {
			isa = PBXGroup;
			children = (
				AF212B0B2F3A9A4B00819E2F /* mtproto_api.tl */,
				AF212B0E2F3A9A4B00819E2F /* telegram_api.tl */,
			);
			name = API;
			sourceTree = "<group>";
		};
/* End PBXGroup section */

/* Begin PBXHeadersBuildPhase section */
		AF212A4E2F3A98DB00819E2F /* Headers */ = {
			isa = PBXHeadersBuildPhase;
			buildActionMask = 2147483647;
			files = (
				AF212AB42F3A98E700819E2F /* alloc.h in Headers */,
				AF212AB52F3A98E700819E2F /* base64.h in Headers */,
				AF212AB62F3A98E700819E2F /* buf.h in Headers */,
				AF212AB72F3A98E700819E2F /* byteswap.h in Headers */,
				AF212AB92F3A98E700819E2F /* deserialize.h in Headers */,
				AF212ABA2F3A98E700819E2F /* endian.h in Headers */,
				AF212ABB2F3A98E700819E2F /* gunzip.h in Headers */,
				AF212ABC2F3A98E700819E2F /* ld.h in Headers */,
				AF212ABE2F3A98E700819E2F /* serialize.h in Headers */,
				AF212ABF2F3A98E700819E2F /* str.h in Headers */,
				AF212AC02F3A98E700819E2F /* strtok_foreach.h in Headers */,
			);
			runOnlyForDeploymentPostprocessing = 0;
		};
		AF212AD12F3A998600819E2F /* Headers */ = {
			isa = PBXHeadersBuildPhase;
			buildActionMask = 2147483647;
			files = (
			);
			runOnlyForDeploymentPostprocessing = 0;
		};
/* End PBXHeadersBuildPhase section */

/* Begin PBXNativeTarget section */
		AF212A512F3A98DB00819E2F /* libtg2 */ = {
			isa = PBXNativeTarget;
			buildConfigurationList = AF212A542F3A98DC00819E2F /* Build configuration list for PBXNativeTarget "libtg2" */;
			buildPhases = (
				AF212A4E2F3A98DB00819E2F /* Headers */,
				AF212A4F2F3A98DB00819E2F /* Sources */,
				AF212A502F3A98DB00819E2F /* Frameworks */,
			);
			buildRules = (
			);
			dependencies = (
				AF212ADB2F3A99B000819E2F /* PBXTargetDependency */,
			);
			name = libtg2;
			productName = libtg2;
			productReference = AF212A522F3A98DB00819E2F /* liblibtg2.a */;
			productType = "com.apple.product-type.library.static";
		};
		AF212AC52F3A991D00819E2F /* libtg2_test */ = {
			isa = PBXNativeTarget;
			buildConfigurationList = AF212ACE2F3A993F00819E2F /* Build configuration list for PBXNativeTarget "libtg2_test" */;
			buildPhases = (
				AF212AC32F3A991D00819E2F /* Sources */,
				AF212AC42F3A991D00819E2F /* Frameworks */,
			);
			buildRules = (
			);
			dependencies = (
				AF212AC92F3A992700819E2F /* PBXTargetDependency */,
			);
			name = libtg2_test;
			productName = libtg2_test;
			productReference = AF212AC62F3A991D00819E2F /* libtg2_test */;
			productType = "com.apple.product-type.tool";
		};
		AF212AD42F3A998600819E2F /* essential */ = {
			isa = PBXNativeTarget;
			buildConfigurationList = AF212ADD2F3A99C800819E2F /* Build configuration list for PBXNativeTarget "essential" */;
			buildPhases = (
				AF212AD12F3A998600819E2F /* Headers */,
				AF212AD22F3A998600819E2F /* Sources */,
				AF212AD32F3A998600819E2F /* Frameworks */,
			);
			buildRules = (
			);
			dependencies = (
			);
			name = essential;
			productName = essential;
			productReference = AF212AD52F3A998600819E2F /* libessential.a */;
			productType = "com.apple.product-type.library.static";
		};
		AF212AE22F3A99E500819E2F /* tl_generator */ = {
			isa = PBXNativeTarget;
			buildConfigurationList = AF212AF62F3A9A2D00819E2F /* Build configuration list for PBXNativeTarget "tl_generator" */;
			buildPhases = (
				AF212AE02F3A99E500819E2F /* Sources */,
				AF212AE12F3A99E500819E2F /* Frameworks */,
				AF212B212F3A9B6C00819E2F /* CopyFiles */,
				AF212B2C2F3A9D5C00819E2F /* ShellScript */,
			);
			buildRules = (
			);
			dependencies = (
				AF212AE62F3A99EC00819E2F /* PBXTargetDependency */,
			);
			name = tl_generator;
			productName = tl_generator;
			productReference = AF212AE32F3A99E500819E2F /* tl_generator */;
			productType = "com.apple.product-type.tool";
		};
/* End PBXNativeTarget section */

/* Begin PBXProject section */
		AF212A3D2F3A984B00819E2F /* Project object */ = {
			isa = PBXProject;
			buildConfigurationList = AF212A3E2F3A984B00819E2F /* Build configuration list for PBXProject "libtg2" */;
			hasScannedForEncodings = 0;
			mainGroup = AF212A3B2F3A984B00819E2F;
			productRefGroup = AF212A532F3A98DB00819E2F /* Products */;
			projectDirPath = "";
			targets = (
				AF212AD42F3A998600819E2F /* essential */,
				AF212AE22F3A99E500819E2F /* tl_generator */,
				AF212A512F3A98DB00819E2F /* libtg2 */,
				AF212AC52F3A991D00819E2F /* libtg2_test */,
			);
		};
/* End PBXProject section */

/* Begin PBXShellScriptBuildPhase section */
		AF212B2C2F3A9D5C00819E2F /* ShellScript */ = {
			isa = PBXShellScriptBuildPhase;
			buildActionMask = 2147483647;
			files = (
			);
			inputPaths = (
			);
			outputPaths = (
			);
			runOnlyForDeploymentPostprocessing = 0;
			shellPath = /bin/sh;
			shellScript = "GENERATOR_DIR=\"$BUILD_DIR/$CONFIGURATION\"\nTL_DIR=\"$PROJECT_DIR/tl\"\n\n#Generate TL\n$GENERATOR_DIR/$TARGET_NAME $GENERATOR_DIR $TL_DIR";
		};
/* End PBXShellScriptBuildPhase section */

/* Begin PBXSourcesBuildPhase section */
		AF212A4F2F3A98DB00819E2F /* Sources */ = {
			isa = PBXSourcesBuildPhase;
			buildActionMask = 2147483647;
			files = (
			);
			runOnlyForDeploymentPostprocessing = 0;
		};
		AF212AC32F3A991D00819E2F /* Sources */ = {
			isa = PBXSourcesBuildPhase;
			buildActionMask = 2147483647;
			files = (
			);
			runOnlyForDeploymentPostprocessing = 0;
		};
		AF212AD22F3A998600819E2F /* Sources */ = {
			isa = PBXSourcesBuildPhase;
			buildActionMask = 2147483647;
			files = (
				AF212AD62F3A99A700819E2F /* deserialize.c in Sources */,
				AF212AD72F3A99A700819E2F /* serialize.c in Sources */,
				AF212AD82F3A99A700819E2F /* gunzip.c in Sources */,
				AF212AD92F3A99A700819E2F /* buf.c in Sources */,
			);
			runOnlyForDeploymentPostprocessing = 0;
		};
		AF212AE02F3A99E500819E2F /* Sources */ = {
			isa = PBXSourcesBuildPhase;
			buildActionMask = 2147483647;
			files = (
				AF212B112F3A9A4B00819E2F /* generator.c in Sources */,
				AF212B122F3A9A4B00819E2F /* strndup.c in Sources */,
				AF212B132F3A9A4B00819E2F /* tl_parser.c in Sources */,
			);
			runOnlyForDeploymentPostprocessing = 0;
		};
/* End PBXSourcesBuildPhase section */

/* Begin PBXTargetDependency section */
		AF212AC92F3A992700819E2F /* PBXTargetDependency */ = {
			isa = PBXTargetDependency;
			target = AF212A512F3A98DB00819E2F /* libtg2 */;
			targetProxy = AF212AC82F3A992700819E2F /* PBXContainerItemProxy */;
		};
		AF212ADB2F3A99B000819E2F /* PBXTargetDependency */ = {
			isa = PBXTargetDependency;
			target = AF212AD42F3A998600819E2F /* essential */;
			targetProxy = AF212ADA2F3A99B000819E2F /* PBXContainerItemProxy */;
		};
		AF212AE62F3A99EC00819E2F /* PBXTargetDependency */ = {
			isa = PBXTargetDependency;
			target = AF212AD42F3A998600819E2F /* essential */;
			targetProxy = AF212AE52F3A99EC00819E2F /* PBXContainerItemProxy */;
		};
/* End PBXTargetDependency section */

/* Begin XCBuildConfiguration section */
		AF212A3F2F3A984B00819E2F /* Debug */ = {
			isa = XCBuildConfiguration;
			buildSettings = {
				COPY_PHASE_STRIP = NO;
			};
			name = Debug;
		};
		AF212A402F3A984B00819E2F /* Release */ = {
			isa = XCBuildConfiguration;
			buildSettings = {
				COPY_PHASE_STRIP = YES;
			};
			name = Release;
		};
		AF212A552F3A98DC00819E2F /* Debug */ = {
			isa = XCBuildConfiguration;
			buildSettings = {
				COPY_PHASE_STRIP = NO;
				GCC_DYNAMIC_NO_PIC = NO;
				GCC_ENABLE_FIX_AND_CONTINUE = YES;
				GCC_GENERATE_DEBUGGING_SYMBOLS = YES;
				GCC_MODEL_TUNING = G5;
				GCC_OPTIMIZATION_LEVEL = 0;
				INSTALL_PATH = /usr/local/lib;
				PREBINDING = NO;
				PRODUCT_NAME = libtg2;
				ZERO_LINK = YES;
			};
			name = Debug;
		};
		AF212A562F3A98DC00819E2F /* Release */ = {
			isa = XCBuildConfiguration;
			buildSettings = {
				COPY_PHASE_STRIP = YES;
				GCC_ENABLE_FIX_AND_CONTINUE = NO;
				GCC_GENERATE_DEBUGGING_SYMBOLS = NO;
				GCC_MODEL_TUNING = G5;
				INSTALL_PATH = /usr/local/lib;
				PREBINDING = NO;
				PRODUCT_NAME = libtg2;
				ZERO_LINK = NO;
			};
			name = Release;
		};
		AF212ACF2F3A993F00819E2F /* Debug */ = {
			isa = XCBuildConfiguration;
			buildSettings = {
				COPY_PHASE_STRIP = NO;
				GCC_DYNAMIC_NO_PIC = NO;
				GCC_ENABLE_FIX_AND_CONTINUE = YES;
				GCC_GENERATE_DEBUGGING_SYMBOLS = YES;
				GCC_MODEL_TUNING = G5;
				GCC_OPTIMIZATION_LEVEL = 0;
				INSTALL_PATH = "$(HOME)/bin";
				PREBINDING = NO;
				PRODUCT_NAME = libtg2_test;
				ZERO_LINK = YES;
			};
			name = Debug;
		};
		AF212AD02F3A993F00819E2F /* Release */ = {
			isa = XCBuildConfiguration;
			buildSettings = {
				COPY_PHASE_STRIP = YES;
				GCC_ENABLE_FIX_AND_CONTINUE = NO;
				GCC_GENERATE_DEBUGGING_SYMBOLS = NO;
				GCC_MODEL_TUNING = G5;
				INSTALL_PATH = "$(HOME)/bin";
				PREBINDING = NO;
				PRODUCT_NAME = libtg2_test;
				ZERO_LINK = NO;
			};
			name = Release;
		};
		AF212ADE2F3A99C800819E2F /* Debug */ = {
			isa = XCBuildConfiguration;
			buildSettings = {
				COPY_PHASE_STRIP = NO;
				GCC_DYNAMIC_NO_PIC = NO;
				GCC_ENABLE_FIX_AND_CONTINUE = YES;
				GCC_GENERATE_DEBUGGING_SYMBOLS = YES;
				GCC_MODEL_TUNING = G5;
				GCC_OPTIMIZATION_LEVEL = 0;
				INSTALL_PATH = /usr/local/lib;
				PREBINDING = NO;
				PRODUCT_NAME = essential;
				ZERO_LINK = YES;
			};
			name = Debug;
		};
		AF212ADF2F3A99C800819E2F /* Release */ = {
			isa = XCBuildConfiguration;
			buildSettings = {
				COPY_PHASE_STRIP = YES;
				GCC_ENABLE_FIX_AND_CONTINUE = NO;
				GCC_GENERATE_DEBUGGING_SYMBOLS = NO;
				GCC_MODEL_TUNING = G5;
				INSTALL_PATH = /usr/local/lib;
				PREBINDING = NO;
				PRODUCT_NAME = essential;
				ZERO_LINK = NO;
			};
			name = Release;
		};
		AF212AF72F3A9A2D00819E2F /* Debug */ = {
			isa = XCBuildConfiguration;
			buildSettings = {
				COPY_PHASE_STRIP = NO;
				GCC_DYNAMIC_NO_PIC = NO;
				GCC_ENABLE_FIX_AND_CONTINUE = YES;
				GCC_GENERATE_DEBUGGING_SYMBOLS = YES;
				GCC_MODEL_TUNING = G5;
				GCC_OPTIMIZATION_LEVEL = 0;
				INSTALL_PATH = "$(HOME)/bin";
				PREBINDING = NO;
				PRODUCT_NAME = tl_generator;
				ZERO_LINK = YES;
			};
			name = Debug;
		};
		AF212AF82F3A9A2D00819E2F /* Release */ = {
			isa = XCBuildConfiguration;
			buildSettings = {
				COPY_PHASE_STRIP = YES;
				GCC_ENABLE_FIX_AND_CONTINUE = NO;
				GCC_GENERATE_DEBUGGING_SYMBOLS = NO;
				GCC_MODEL_TUNING = G5;
				INSTALL_PATH = "$(HOME)/bin";
				PREBINDING = NO;
				PRODUCT_NAME = tl_generator;
				ZERO_LINK = NO;
			};
			name = Release;
		};
/* End XCBuildConfiguration section */

/* Begin XCConfigurationList section */
		AF212A3E2F3A984B00819E2F /* Build configuration list for PBXProject "libtg2" */ = {
			isa = XCConfigurationList;
			buildConfigurations = (
				AF212A3F2F3A984B00819E2F /* Debug */,
				AF212A402F3A984B00819E2F /* Release */,
			);
			defaultConfigurationIsVisible = 0;
			defaultConfigurationName = Release;
		};
		AF212A542F3A98DC00819E2F /* Build configuration list for PBXNativeTarget "libtg2" */ = {
			isa = XCConfigurationList;
			buildConfigurations = (
				AF212A552F3A98DC00819E2F /* Debug */,
				AF212A562F3A98DC00819E2F /* Release */,
			);
			defaultConfigurationIsVisible = 0;
			defaultConfigurationName = Release;
		};
		AF212ACE2F3A993F00819E2F /* Build configuration list for PBXNativeTarget "libtg2_test" */ = {
			isa = XCConfigurationList;
			buildConfigurations = (
				AF212ACF2F3A993F00819E2F /* Debug */,
				AF212AD02F3A993F00819E2F /* Release */,
			);
			defaultConfigurationIsVisible = 0;
			defaultConfigurationName = Release;
		};
		AF212ADD2F3A99C800819E2F /* Build configuration list for PBXNativeTarget "essential" */ = {
			isa = XCConfigurationList;
			buildConfigurations = (
				AF212ADE2F3A99C800819E2F /* Debug */,
				AF212ADF2F3A99C800819E2F /* Release */,
			);
			defaultConfigurationIsVisible = 0;
			defaultConfigurationName = Release;
		};
		AF212AF62F3A9A2D00819E2F /* Build configuration list for PBXNativeTarget "tl_generator" */ = {
			isa = XCConfigurationList;
			buildConfigurations = (
				AF212AF72F3A9A2D00819E2F /* Debug */,
				AF212AF82F3A9A2D00819E2F /* Release */,
			);
			defaultConfigurationIsVisible = 0;
			defaultConfigurationName = Release;
		};
/* End XCConfigurationList section */
	};
	rootObject = AF212A3D2F3A984B00819E2F /* Project object */;
}
